
Microsoft Visual Studio Solution File, Format Version 12.00
# Visual Studio 15
VisualStudioVersion = 15.0.27130.2036
MinimumVisualStudioVersion = 10.0.40219.1
Project("{2150E333-8FDC-42A3-9474-1A3956D46DE8}") = "Engine", "Engine", "{700B1DA4-DEC4-4F47-8817-2273B036468D}"
EndProject
Project("{2150E333-8FDC-42A3-9474-1A3956D46DE8}") = "Games", "Games", "{E969F5CB-BCD0-4ED0-BC38-987D0EB62ED5}"
EndProject
Project("{8BC9CEB8-8B4A-11D0-8D11-00A0C91BC942}") = "UE4", "Intermediate\ProjectFiles\UE4.vcxproj", "{8C2425B4-8CC7-4398-B21D-41FE46B172DF}"
EndProject
Project("{8BC9CEB8-8B4A-11D0-8D11-00A0C91BC942}") = "BuildingEscape", "Intermediate\ProjectFiles\BuildingEscape.vcxproj", "{ABD8AB4B-B6CD-4C4E-9048-FE7F13373CF5}"
EndProject
Global
	GlobalSection(SolutionConfigurationPlatforms) = preSolution
		DebugGame Editor|HTML5 = DebugGame Editor|HTML5
		DebugGame Editor|Win32 = DebugGame Editor|Win32
		DebugGame Editor|Win64 = DebugGame Editor|Win64
		DebugGame|HTML5 = DebugGame|HTML5
		DebugGame|Win32 = DebugGame|Win32
		DebugGame|Win64 = DebugGame|Win64
		Development Editor|HTML5 = Development Editor|HTML5
		Development Editor|Win32 = Development Editor|Win32
		Development Editor|Win64 = Development Editor|Win64
		Development|HTML5 = Development|HTML5
		Development|Win32 = Development|Win32
		Development|Win64 = Development|Win64
		Shipping|HTML5 = Shipping|HTML5
		Shipping|Win32 = Shipping|Win32
		Shipping|Win64 = Shipping|Win64
	EndGlobalSection
	GlobalSection(ProjectConfigurationPlatforms) = postSolution
		{8C2425B4-8CC7-4398-B21D-41FE46B172DF}.DebugGame Editor|HTML5.ActiveCfg = BuiltWithUnrealBuildTool|Win32
		{8C2425B4-8CC7-4398-B21D-41FE46B172DF}.DebugGame Editor|HTML5.Build.0 = BuiltWithUnrealBuildTool|Win32
		{8C2425B4-8CC7-4398-B21D-41FE46B172DF}.DebugGame Editor|Win32.ActiveCfg = BuiltWithUnrealBuildTool|Win32
		{8C2425B4-8CC7-4398-B21D-41FE46B172DF}.DebugGame Editor|Win32.Build.0 = BuiltWithUnrealBuildTool|Win32
		{8C2425B4-8CC7-4398-B21D-41FE46B172DF}.DebugGame Editor|Win64.ActiveCfg = BuiltWithUnrealBuildTool|Win32
		{8C2425B4-8CC7-4398-B21D-41FE46B172DF}.DebugGame Editor|Win64.Build.0 = BuiltWithUnrealBuildTool|Win32
		{8C2425B4-8CC7-4398-B21D-41FE46B172DF}.DebugGame|HTML5.ActiveCfg = BuiltWithUnrealBuildTool|Win32
		{8C2425B4-8CC7-4398-B21D-41FE46B172DF}.DebugGame|HTML5.Build.0 = BuiltWithUnrealBuildTool|Win32
		{8C2425B4-8CC7-4398-B21D-41FE46B172DF}.DebugGame|Win32.ActiveCfg = BuiltWithUnrealBuildTool|Win32
		{8C2425B4-8CC7-4398-B21D-41FE46B172DF}.DebugGame|Win32.Build.0 = BuiltWithUnrealBuildTool|Win32
		{8C2425B4-8CC7-4398-B21D-41FE46B172DF}.DebugGame|Win64.ActiveCfg = BuiltWithUnrealBuildTool|Win32
		{8C2425B4-8CC7-4398-B21D-41FE46B172DF}.DebugGame|Win64.Build.0 = BuiltWithUnrealBuildTool|Win32
		{8C2425B4-8CC7-4398-B21D-41FE46B172DF}.Development Editor|HTML5.ActiveCfg = BuiltWithUnrealBuildTool|Win32
		{8C2425B4-8CC7-4398-B21D-41FE46B172DF}.Development Editor|HTML5.Build.0 = BuiltWithUnrealBuildTool|Win32
		{8C2425B4-8CC7-4398-B21D-41FE46B172DF}.Development Editor|Win32.ActiveCfg = BuiltWithUnrealBuildTool|Win32
		{8C2425B4-8CC7-4398-B21D-41FE46B172DF}.Development Editor|Win32.Build.0 = BuiltWithUnrealBuildTool|Win32
		{8C2425B4-8CC7-4398-B21D-41FE46B172DF}.Development Editor|Win64.ActiveCfg = BuiltWithUnrealBuildTool|Win32
		{8C2425B4-8CC7-4398-B21D-41FE46B172DF}.Development Editor|Win64.Build.0 = BuiltWithUnrealBuildTool|Win32
		{8C2425B4-8CC7-4398-B21D-41FE46B172DF}.Development|HTML5.ActiveCfg = BuiltWithUnrealBuildTool|Win32
		{8C2425B4-8CC7-4398-B21D-41FE46B172DF}.Development|HTML5.Build.0 = BuiltWithUnrealBuildTool|Win32
		{8C2425B4-8CC7-4398-B21D-41FE46B172DF}.Development|Win32.ActiveCfg = BuiltWithUnrealBuildTool|Win32
		{8C2425B4-8CC7-4398-B21D-41FE46B172DF}.Development|Win32.Build.0 = BuiltWithUnrealBuildTool|Win32
		{8C2425B4-8CC7-4398-B21D-41FE46B172DF}.Development|Win64.ActiveCfg = BuiltWithUnrealBuildTool|Win32
		{8C2425B4-8CC7-4398-B21D-41FE46B172DF}.Development|Win64.Build.0 = BuiltWithUnrealBuildTool|Win32
		{8C2425B4-8CC7-4398-B21D-41FE46B172DF}.Shipping|HTML5.ActiveCfg = BuiltWithUnrealBuildTool|Win32
		{8C2425B4-8CC7-4398-B21D-41FE46B172DF}.Shipping|HTML5.Build.0 = BuiltWithUnrealBuildTool|Win32
		{8C2425B4-8CC7-4398-B21D-41FE46B172DF}.Shipping|Win32.ActiveCfg = BuiltWithUnrealBuildTool|Win32
		{8C2425B4-8CC7-4398-B21D-41FE46B172DF}.Shipping|Win32.Build.0 = BuiltWithUnrealBuildTool|Win32
		{8C2425B4-8CC7-4398-B21D-41FE46B172DF}.Shipping|Win64.ActiveCfg = BuiltWithUnrealBuildTool|Win32
		{8C2425B4-8CC7-4398-B21D-41FE46B172DF}.Shipping|Win64.Build.0 = BuiltWithUnrealBuildTool|Win32
		{ABD8AB4B-B6CD-4C4E-9048-FE7F13373CF5}.DebugGame Editor|HTML5.ActiveCfg = HTML5_DebugGame_Editor|Win32
		{ABD8AB4B-B6CD-4C4E-9048-FE7F13373CF5}.DebugGame Editor|Win32.ActiveCfg = DebugGame_Editor|Win32
		{ABD8AB4B-B6CD-4C4E-9048-FE7F13373CF5}.DebugGame Editor|Win64.ActiveCfg = DebugGame_Editor|x64
		{ABD8AB4B-B6CD-4C4E-9048-FE7F13373CF5}.DebugGame Editor|Win64.Build.0 = DebugGame_Editor|x64
		{ABD8AB4B-B6CD-4C4E-9048-FE7F13373CF5}.DebugGame|HTML5.ActiveCfg = HTML5_DebugGame_Game|Win32
		{ABD8AB4B-B6CD-4C4E-9048-FE7F13373CF5}.DebugGame|HTML5.Build.0 = HTML5_DebugGame_Game|Win32
		{ABD8AB4B-B6CD-4C4E-9048-FE7F13373CF5}.DebugGame|Win32.ActiveCfg = DebugGame_Game|Win32
		{ABD8AB4B-B6CD-4C4E-9048-FE7F13373CF5}.DebugGame|Win32.Build.0 = DebugGame_Game|Win32
		{ABD8AB4B-B6CD-4C4E-9048-FE7F13373CF5}.DebugGame|Win64.ActiveCfg = DebugGame_Game|x64
		{ABD8AB4B-B6CD-4C4E-9048-FE7F13373CF5}.DebugGame|Win64.Build.0 = DebugGame_Game|x64
		{ABD8AB4B-B6CD-4C4E-9048-FE7F13373CF5}.Development Editor|HTML5.ActiveCfg = HTML5_Development_Editor|Win32
		{ABD8AB4B-B6CD-4C4E-9048-FE7F13373CF5}.Development Editor|Win32.ActiveCfg = Development_Editor|Win32
		{ABD8AB4B-B6CD-4C4E-9048-FE7F13373CF5}.Development Editor|Win64.ActiveCfg = Development_Editor|x64
		{ABD8AB4B-B6CD-4C4E-9048-FE7F13373CF5}.Development Editor|Win64.Build.0 = Development_Editor|x64
		{ABD8AB4B-B6CD-4C4E-9048-FE7F13373CF5}.Development|HTML5.ActiveCfg = HTML5_Development_Game|Win32
		{ABD8AB4B-B6CD-4C4E-9048-FE7F13373CF5}.Development|HTML5.Build.0 = HTML5_Development_Game|Win32
		{ABD8AB4B-B6CD-4C4E-9048-FE7F13373CF5}.Development|Win32.ActiveCfg = Development_Game|Win32
		{ABD8AB4B-B6CD-4C4E-9048-FE7F13373CF5}.Development|Win32.Build.0 = Development_Game|Win32
		{ABD8AB4B-B6CD-4C4E-9048-FE7F13373CF5}.Development|Win64.ActiveCfg = Development_Game|x64
		{ABD8AB4B-B6CD-4C4E-9048-FE7F13373CF5}.Development|Win64.Build.0 = Development_Game|x64
		{ABD8AB4B-B6CD-4C4E-9048-FE7F13373CF5}.Shipping|HTML5.ActiveCfg = HTML5_Shipping_Game|Win32
		{ABD8AB4B-B6CD-4C4E-9048-FE7F13373CF5}.Shipping|HTML5.Build.0 = HTML5_Shipping_Game|Win32
		{ABD8AB4B-B6CD-4C4E-9048-FE7F13373CF5}.Shipping|Win32.ActiveCfg = Shipping_Game|Win32
		{ABD8AB4B-B6CD-4C4E-9048-FE7F13373CF5}.Shipping|Win32.Build.0 = Shipping_Game|Win32
		{ABD8AB4B-B6CD-4C4E-9048-FE7F13373CF5}.Shipping|Win64.ActiveCfg = Shipping_Game|x64
		{ABD8AB4B-B6CD-4C4E-9048-FE7F13373CF5}.Shipping|Win64.Build.0 = Shipping_Game|x64
	EndGlobalSection
	GlobalSection(SolutionProperties) = preSolution
		HideSolutionNode = FALSE
	EndGlobalSection
	GlobalSection(NestedProjects) = preSolution
		{8C2425B4-8CC7-4398-B21D-41FE46B172DF} = {700B1DA4-DEC4-4F47-8817-2273B036468D}
		{ABD8AB4B-B6CD-4C4E-9048-FE7F13373CF5} = {E969F5CB-BCD0-4ED0-BC38-987D0EB62ED5}
	EndGlobalSection
	GlobalSection(ExtensibilityGlobals) = postSolution
		SolutionGuid = {8A3A6E66-1A13-481B-8B31-EBFA9EABF8C4}
	EndGlobalSection
EndGlobal
